
Microsoft Visual Studio Solution File, Format Version 12.00
# Visual Studio Version 17
VisualStudioVersion = 17.11.35327.3
MinimumVisualStudioVersion = 10.0.40219.1
Project("{FAE04EC0-301F-11D3-BF4B-00C04F79EFBC}") = "Algoritmos-y-estructura-de-datos", "Algoritmos-y-estructura-de-datos\Algoritmos-y-estructura-de-datos.csproj", "{3B1698A6-AA65-401D-9E53-DC6FBD6FD996}"
EndProject
Global
	GlobalSection(SolutionConfigurationPlatforms) = preSolution
		Debug|Any CPU = Debug|Any CPU
		Release|Any CPU = Release|Any CPU
	EndGlobalSection
	GlobalSection(ProjectConfigurationPlatforms) = postSolution
		{3B1698A6-AA65-401D-9E53-DC6FBD6FD996}.Debug|Any CPU.ActiveCfg = Debug|Any CPU
		{3B1698A6-AA65-401D-9E53-DC6FBD6FD996}.Debug|Any CPU.Build.0 = Debug|Any CPU
		{3B1698A6-AA65-401D-9E53-DC6FBD6FD996}.Release|Any CPU.ActiveCfg = Release|Any CPU
		{3B1698A6-AA65-401D-9E53-DC6FBD6FD996}.Release|Any CPU.Build.0 = Release|Any CPU
	EndGlobalSection
	GlobalSection(SolutionProperties) = preSolution
		HideSolutionNode = FALSE
	EndGlobalSection
	GlobalSection(ExtensibilityGlobals) = postSolution
		SolutionGuid = {3B242048-169F-4D72-B2B6-4A12ACFE546F}
	EndGlobalSection
EndGlobal
